
Microsoft Visual Studio Solution File, Format Version 12.00
Project("{FAE04EC0-301F-11D3-BF4B-00C04F79EFBC}") = "TestGit", "TestGit\TestGit.csproj", "{1A75D350-C7CE-48CA-BB13-0C9D1DA0FD9A}"
EndProject
Global
	GlobalSection(SolutionConfigurationPlatforms) = preSolution
		Debug|Any CPU = Debug|Any CPU
		Release|Any CPU = Release|Any CPU
	EndGlobalSection
	GlobalSection(ProjectConfigurationPlatforms) = postSolution
		{1A75D350-C7CE-48CA-BB13-0C9D1DA0FD9A}.Debug|Any CPU.ActiveCfg = Debug|Any CPU
		{1A75D350-C7CE-48CA-BB13-0C9D1DA0FD9A}.Debug|Any CPU.Build.0 = Debug|Any CPU
		{1A75D350-C7CE-48CA-BB13-0C9D1DA0FD9A}.Release|Any CPU.ActiveCfg = Release|Any CPU
		{1A75D350-C7CE-48CA-BB13-0C9D1DA0FD9A}.Release|Any CPU.Build.0 = Release|Any CPU
	EndGlobalSection
EndGlobal
